
Microsoft Visual Studio Solution File, Format Version 12.00
# Visual Studio 14
VisualStudioVersion = 14.0.25123.0
MinimumVisualStudioVersion = 10.0.40219.1
Project("{FAE04EC0-301F-11D3-BF4B-00C04F79EFBC}") = "Itcast.Mall", "Itcast.Mall\Itcast.Mall.csproj", "{468F170E-0367-4C31-8A40-5D0A4EB898AD}"
EndProject
Project("{FAE04EC0-301F-11D3-BF4B-00C04F79EFBC}") = "Itcast.Mall.BLL", "Itcast.BLL\Itcast.Mall.BLL.csproj", "{8ECA7EC2-FA0A-409A-A456-DA9B288651F9}"
EndProject
Project("{FAE04EC0-301F-11D3-BF4B-00C04F79EFBC}") = "Itcast.Mall.DAL", "Itcast.DAL\Itcast.Mall.DAL.csproj", "{99DCF44A-6267-45FF-801E-24178A71C213}"
EndProject
Project("{FAE04EC0-301F-11D3-BF4B-00C04F79EFBC}") = "Itcast.Mall.Model", "Itcast.Model\Itcast.Mall.Model.csproj", "{F71D270F-96CB-4DD4-879B-2241CC470790}"
EndProject
Project("{FAE04EC0-301F-11D3-BF4B-00C04F79EFBC}") = "Itcast.Mall.Utility", "Itcast.Utility\Itcast.Mall.Utility.csproj", "{CEBB9283-F3A2-44CC-A69E-AF6F2440A3EA}"
EndProject
Project("{FAE04EC0-301F-11D3-BF4B-00C04F79EFBC}") = "Itcast.Mall.Test", "Itcast.Mall.Test\Itcast.Mall.Test.csproj", "{DFAA9020-4249-4CFE-BF93-EFF90D496035}"
EndProject
Project("{2150E333-8FDC-42A3-9474-1A3956D46DE8}") = "SQL", "SQL", "{8922EF5A-C83A-468F-BCA6-98923DB68FEB}"
EndProject
Project("{2150E333-8FDC-42A3-9474-1A3956D46DE8}") = "EF", "EF", "{70ED9DB7-0449-474B-BA2D-C2840E5F6F31}"
EndProject
Project("{2150E333-8FDC-42A3-9474-1A3956D46DE8}") = "Dapper", "Dapper", "{5589F146-2C2C-463D-B97B-24FCEE7AD662}"
EndProject
Project("{2150E333-8FDC-42A3-9474-1A3956D46DE8}") = "NHibernate", "NHibernate", "{5CAB9B13-6026-4F27-B273-93AC10A5F776}"
EndProject
Global
	GlobalSection(SolutionConfigurationPlatforms) = preSolution
		Debug|Any CPU = Debug|Any CPU
		Release|Any CPU = Release|Any CPU
	EndGlobalSection
	GlobalSection(ProjectConfigurationPlatforms) = postSolution
		{468F170E-0367-4C31-8A40-5D0A4EB898AD}.Debug|Any CPU.ActiveCfg = Debug|Any CPU
		{468F170E-0367-4C31-8A40-5D0A4EB898AD}.Debug|Any CPU.Build.0 = Debug|Any CPU
		{468F170E-0367-4C31-8A40-5D0A4EB898AD}.Release|Any CPU.ActiveCfg = Release|Any CPU
		{468F170E-0367-4C31-8A40-5D0A4EB898AD}.Release|Any CPU.Build.0 = Release|Any CPU
		{8ECA7EC2-FA0A-409A-A456-DA9B288651F9}.Debug|Any CPU.ActiveCfg = Debug|Any CPU
		{8ECA7EC2-FA0A-409A-A456-DA9B288651F9}.Debug|Any CPU.Build.0 = Debug|Any CPU
		{8ECA7EC2-FA0A-409A-A456-DA9B288651F9}.Release|Any CPU.ActiveCfg = Release|Any CPU
		{8ECA7EC2-FA0A-409A-A456-DA9B288651F9}.Release|Any CPU.Build.0 = Release|Any CPU
		{99DCF44A-6267-45FF-801E-24178A71C213}.Debug|Any CPU.ActiveCfg = Debug|Any CPU
		{99DCF44A-6267-45FF-801E-24178A71C213}.Debug|Any CPU.Build.0 = Debug|Any CPU
		{99DCF44A-6267-45FF-801E-24178A71C213}.Release|Any CPU.ActiveCfg = Release|Any CPU
		{99DCF44A-6267-45FF-801E-24178A71C213}.Release|Any CPU.Build.0 = Release|Any CPU
		{F71D270F-96CB-4DD4-879B-2241CC470790}.Debug|Any CPU.ActiveCfg = Debug|Any CPU
		{F71D270F-96CB-4DD4-879B-2241CC470790}.Debug|Any CPU.Build.0 = Debug|Any CPU
		{F71D270F-96CB-4DD4-879B-2241CC470790}.Release|Any CPU.ActiveCfg = Release|Any CPU
		{F71D270F-96CB-4DD4-879B-2241CC470790}.Release|Any CPU.Build.0 = Release|Any CPU
		{CEBB9283-F3A2-44CC-A69E-AF6F2440A3EA}.Debug|Any CPU.ActiveCfg = Debug|Any CPU
		{CEBB9283-F3A2-44CC-A69E-AF6F2440A3EA}.Debug|Any CPU.Build.0 = Debug|Any CPU
		{CEBB9283-F3A2-44CC-A69E-AF6F2440A3EA}.Release|Any CPU.ActiveCfg = Release|Any CPU
		{CEBB9283-F3A2-44CC-A69E-AF6F2440A3EA}.Release|Any CPU.Build.0 = Release|Any CPU
		{DFAA9020-4249-4CFE-BF93-EFF90D496035}.Debug|Any CPU.ActiveCfg = Debug|Any CPU
		{DFAA9020-4249-4CFE-BF93-EFF90D496035}.Debug|Any CPU.Build.0 = Debug|Any CPU
		{DFAA9020-4249-4CFE-BF93-EFF90D496035}.Release|Any CPU.ActiveCfg = Release|Any CPU
		{DFAA9020-4249-4CFE-BF93-EFF90D496035}.Release|Any CPU.Build.0 = Release|Any CPU
	EndGlobalSection
	GlobalSection(SolutionProperties) = preSolution
		HideSolutionNode = FALSE
	EndGlobalSection
	GlobalSection(NestedProjects) = preSolution
		{8ECA7EC2-FA0A-409A-A456-DA9B288651F9} = {8922EF5A-C83A-468F-BCA6-98923DB68FEB}
		{99DCF44A-6267-45FF-801E-24178A71C213} = {8922EF5A-C83A-468F-BCA6-98923DB68FEB}
		{F71D270F-96CB-4DD4-879B-2241CC470790} = {8922EF5A-C83A-468F-BCA6-98923DB68FEB}
		{CEBB9283-F3A2-44CC-A69E-AF6F2440A3EA} = {8922EF5A-C83A-468F-BCA6-98923DB68FEB}
		{DFAA9020-4249-4CFE-BF93-EFF90D496035} = {8922EF5A-C83A-468F-BCA6-98923DB68FEB}
	EndGlobalSection
EndGlobal
